// !$*UTF8*$!
{
	archiveVersion = 1;
	classes = {
	};
	objectVersion = 46;
	objects = {

/* Begin PBXBuildFile section */
		841952071F279A10005D9F83 /* NewPositionInCheckTableViewCell.m in Sources */ = {isa = PBXBuildFile; fileRef = 841952051F279A10005D9F83 /* NewPositionInCheckTableViewCell.m */; };
		841952081F279A10005D9F83 /* NewPositionInCheckTableViewCell.xib in Resources */ = {isa = PBXBuildFile; fileRef = 841952061F279A10005D9F83 /* NewPositionInCheckTableViewCell.xib */; };
		8427749D1F23A50C0075CA03 /* main.m in Sources */ = {isa = PBXBuildFile; fileRef = 8427749C1F23A50C0075CA03 /* main.m */; };
		842774A01F23A50C0075CA03 /* AppDelegate.m in Sources */ = {isa = PBXBuildFile; fileRef = 8427749F1F23A50C0075CA03 /* AppDelegate.m */; };
		842774A61F23A50C0075CA03 /* Main.storyboard in Resources */ = {isa = PBXBuildFile; fileRef = 842774A41F23A50C0075CA03 /* Main.storyboard */; };
		842774A81F23A50C0075CA03 /* Assets.xcassets in Resources */ = {isa = PBXBuildFile; fileRef = 842774A71F23A50C0075CA03 /* Assets.xcassets */; };
		842774AB1F23A50C0075CA03 /* LaunchScreen.storyboard in Resources */ = {isa = PBXBuildFile; fileRef = 842774A91F23A50C0075CA03 /* LaunchScreen.storyboard */; };
		84EE09F11F26330000465413 /* SettingsManager.m in Sources */ = {isa = PBXBuildFile; fileRef = 84EE09F01F26330000465413 /* SettingsManager.m */; };
		84EE09F41F2643CF00465413 /* NewCheckViewController.m in Sources */ = {isa = PBXBuildFile; fileRef = 84EE09F31F2643CF00465413 /* NewCheckViewController.m */; };
		84FA31761F25003E0072DDE4 /* MainScreenViewController.m in Sources */ = {isa = PBXBuildFile; fileRef = 84FA31751F25003E0072DDE4 /* MainScreenViewController.m */; };
/* End PBXBuildFile section */

/* Begin PBXFileReference section */
		841952041F279A10005D9F83 /* NewPositionInCheckTableViewCell.h */ = {isa = PBXFileReference; fileEncoding = 4; lastKnownFileType = sourcecode.c.h; path = NewPositionInCheckTableViewCell.h; sourceTree = "<group>"; };
		841952051F279A10005D9F83 /* NewPositionInCheckTableViewCell.m */ = {isa = PBXFileReference; fileEncoding = 4; lastKnownFileType = sourcecode.c.objc; path = NewPositionInCheckTableViewCell.m; sourceTree = "<group>"; };
		841952061F279A10005D9F83 /* NewPositionInCheckTableViewCell.xib */ = {isa = PBXFileReference; fileEncoding = 4; lastKnownFileType = file.xib; path = NewPositionInCheckTableViewCell.xib; sourceTree = "<group>"; };
		842774981F23A50C0075CA03 /* iMoney.app */ = {isa = PBXFileReference; explicitFileType = wrapper.application; includeInIndex = 0; path = iMoney.app; sourceTree = BUILT_PRODUCTS_DIR; };
		8427749C1F23A50C0075CA03 /* main.m */ = {isa = PBXFileReference; lastKnownFileType = sourcecode.c.objc; path = main.m; sourceTree = "<group>"; };
		8427749E1F23A50C0075CA03 /* AppDelegate.h */ = {isa = PBXFileReference; lastKnownFileType = sourcecode.c.h; path = AppDelegate.h; sourceTree = "<group>"; };
		8427749F1F23A50C0075CA03 /* AppDelegate.m */ = {isa = PBXFileReference; lastKnownFileType = sourcecode.c.objc; path = AppDelegate.m; sourceTree = "<group>"; };
		842774A51F23A50C0075CA03 /* Base */ = {isa = PBXFileReference; lastKnownFileType = file.storyboard; name = Base; path = Base.lproj/Main.storyboard; sourceTree = "<group>"; };
		842774A71F23A50C0075CA03 /* Assets.xcassets */ = {isa = PBXFileReference; lastKnownFileType = folder.assetcatalog; path = Assets.xcassets; sourceTree = "<group>"; };
		842774AA1F23A50C0075CA03 /* Base */ = {isa = PBXFileReference; lastKnownFileType = file.storyboard; name = Base; path = Base.lproj/LaunchScreen.storyboard; sourceTree = "<group>"; };
		842774AC1F23A50C0075CA03 /* Info.plist */ = {isa = PBXFileReference; lastKnownFileType = text.plist.xml; path = Info.plist; sourceTree = "<group>"; };
		84EE09EF1F26330000465413 /* SettingsManager.h */ = {isa = PBXFileReference; fileEncoding = 4; lastKnownFileType = sourcecode.c.h; path = SettingsManager.h; sourceTree = "<group>"; };
		84EE09F01F26330000465413 /* SettingsManager.m */ = {isa = PBXFileReference; fileEncoding = 4; lastKnownFileType = sourcecode.c.objc; path = SettingsManager.m; sourceTree = "<group>"; };
		84EE09F21F2643CF00465413 /* NewCheckViewController.h */ = {isa = PBXFileReference; fileEncoding = 4; lastKnownFileType = sourcecode.c.h; path = NewCheckViewController.h; sourceTree = "<group>"; };
		84EE09F31F2643CF00465413 /* NewCheckViewController.m */ = {isa = PBXFileReference; fileEncoding = 4; lastKnownFileType = sourcecode.c.objc; path = NewCheckViewController.m; sourceTree = "<group>"; };
		84FA31741F25003E0072DDE4 /* MainScreenViewController.h */ = {isa = PBXFileReference; fileEncoding = 4; lastKnownFileType = sourcecode.c.h; path = MainScreenViewController.h; sourceTree = "<group>"; };
		84FA31751F25003E0072DDE4 /* MainScreenViewController.m */ = {isa = PBXFileReference; fileEncoding = 4; lastKnownFileType = sourcecode.c.objc; path = MainScreenViewController.m; sourceTree = "<group>"; };
/* End PBXFileReference section */

/* Begin PBXFrameworksBuildPhase section */
		842774951F23A50C0075CA03 /* Frameworks */ = {
			isa = PBXFrameworksBuildPhase;
			buildActionMask = 2147483647;
			files = (
			);
			runOnlyForDeploymentPostprocessing = 0;
		};
/* End PBXFrameworksBuildPhase section */

/* Begin PBXGroup section */
		8427748F1F23A50C0075CA03 = {
			isa = PBXGroup;
			children = (
				8427749A1F23A50C0075CA03 /* iMoney */,
				842774991F23A50C0075CA03 /* Products */,
			);
			sourceTree = "<group>";
		};
		842774991F23A50C0075CA03 /* Products */ = {
			isa = PBXGroup;
			children = (
				842774981F23A50C0075CA03 /* iMoney.app */,
			);
			name = Products;
			sourceTree = "<group>";
		};
		8427749A1F23A50C0075CA03 /* iMoney */ = {
			isa = PBXGroup;
			children = (
				8427749E1F23A50C0075CA03 /* AppDelegate.h */,
				8427749F1F23A50C0075CA03 /* AppDelegate.m */,
				84FA31741F25003E0072DDE4 /* MainScreenViewController.h */,
				84FA31751F25003E0072DDE4 /* MainScreenViewController.m */,
				84EE09F21F2643CF00465413 /* NewCheckViewController.h */,
				84EE09F31F2643CF00465413 /* NewCheckViewController.m */,
				84EE09EF1F26330000465413 /* SettingsManager.h */,
				84EE09F01F26330000465413 /* SettingsManager.m */,
				841952041F279A10005D9F83 /* NewPositionInCheckTableViewCell.h */,
				841952051F279A10005D9F83 /* NewPositionInCheckTableViewCell.m */,
				841952061F279A10005D9F83 /* NewPositionInCheckTableViewCell.xib */,
				842774A41F23A50C0075CA03 /* Main.storyboard */,
				842774A71F23A50C0075CA03 /* Assets.xcassets */,
				842774A91F23A50C0075CA03 /* LaunchScreen.storyboard */,
				842774AC1F23A50C0075CA03 /* Info.plist */,
				8427749B1F23A50C0075CA03 /* Supporting Files */,
			);
			path = iMoney;
			sourceTree = "<group>";
		};
		8427749B1F23A50C0075CA03 /* Supporting Files */ = {
			isa = PBXGroup;
			children = (
				8427749C1F23A50C0075CA03 /* main.m */,
			);
			name = "Supporting Files";
			sourceTree = "<group>";
		};
/* End PBXGroup section */

/* Begin PBXNativeTarget section */
		842774971F23A50C0075CA03 /* iMoney */ = {
			isa = PBXNativeTarget;
			buildConfigurationList = 842774AF1F23A50C0075CA03 /* Build configuration list for PBXNativeTarget "iMoney" */;
			buildPhases = (
				842774941F23A50C0075CA03 /* Sources */,
				842774951F23A50C0075CA03 /* Frameworks */,
				842774961F23A50C0075CA03 /* Resources */,
			);
			buildRules = (
			);
			dependencies = (
			);
			name = iMoney;
			productName = iMoney;
			productReference = 842774981F23A50C0075CA03 /* iMoney.app */;
			productType = "com.apple.product-type.application";
		};
/* End PBXNativeTarget section */

/* Begin PBXProject section */
		842774901F23A50C0075CA03 /* Project object */ = {
			isa = PBXProject;
			attributes = {
				LastUpgradeCheck = 0830;
				ORGANIZATIONNAME = Admin;
				TargetAttributes = {
					842774971F23A50C0075CA03 = {
						CreatedOnToolsVersion = 8.3.3;
						DevelopmentTeam = 3F5A8K3326;
						ProvisioningStyle = Automatic;
					};
				};
			};
			buildConfigurationList = 842774931F23A50C0075CA03 /* Build configuration list for PBXProject "iMoney" */;
			compatibilityVersion = "Xcode 3.2";
			developmentRegion = English;
			hasScannedForEncodings = 0;
			knownRegions = (
				en,
				Base,
			);
			mainGroup = 8427748F1F23A50C0075CA03;
			productRefGroup = 842774991F23A50C0075CA03 /* Products */;
			projectDirPath = "";
			projectRoot = "";
			targets = (
				842774971F23A50C0075CA03 /* iMoney */,
			);
		};
/* End PBXProject section */

/* Begin PBXResourcesBuildPhase section */
		842774961F23A50C0075CA03 /* Resources */ = {
			isa = PBXResourcesBuildPhase;
			buildActionMask = 2147483647;
			files = (
				842774AB1F23A50C0075CA03 /* LaunchScreen.storyboard in Resources */,
				842774A81F23A50C0075CA03 /* Assets.xcassets in Resources */,
				842774A61F23A50C0075CA03 /* Main.storyboard in Resources */,
				841952081F279A10005D9F83 /* NewPositionInCheckTableViewCell.xib in Resources */,
			);
			runOnlyForDeploymentPostprocessing = 0;
		};
/* End PBXResourcesBuildPhase section */

/* Begin PBXSourcesBuildPhase section */
		842774941F23A50C0075CA03 /* Sources */ = {
			isa = PBXSourcesBuildPhase;
			buildActionMask = 2147483647;
			files = (
				84EE09F41F2643CF00465413 /* NewCheckViewController.m in Sources */,
				841952071F279A10005D9F83 /* NewPositionInCheckTableViewCell.m in Sources */,
				84EE09F11F26330000465413 /* SettingsManager.m in Sources */,
				84FA31761F25003E0072DDE4 /* MainScreenViewController.m in Sources */,
				842774A01F23A50C0075CA03 /* AppDelegate.m in Sources */,
				8427749D1F23A50C0075CA03 /* main.m in Sources */,
			);
			runOnlyForDeploymentPostprocessing = 0;
		};
/* End PBXSourcesBuildPhase section */

/* Begin PBXVariantGroup section */
		842774A41F23A50C0075CA03 /* Main.storyboard */ = {
			isa = PBXVariantGroup;
			children = (
				842774A51F23A50C0075CA03 /* Base */,
			);
			name = Main.storyboard;
			sourceTree = "<group>";
		};
		842774A91F23A50C0075CA03 /* LaunchScreen.storyboard */ = {
			isa = PBXVariantGroup;
			children = (
				842774AA1F23A50C0075CA03 /* Base */,
			);
			name = LaunchScreen.storyboard;
			sourceTree = "<group>";
		};
/* End PBXVariantGroup section */

/* Begin XCBuildConfiguration section */
		842774AD1F23A50C0075CA03 /* Debug */ = {
			isa = XCBuildConfiguration;
			buildSettings = {
				ALWAYS_SEARCH_USER_PATHS = NO;
				CLANG_ANALYZER_NONNULL = YES;
				CLANG_ANALYZER_NUMBER_OBJECT_CONVERSION = YES_AGGRESSIVE;
				CLANG_CXX_LANGUAGE_STANDARD = "gnu++0x";
				CLANG_CXX_LIBRARY = "libc++";
				CLANG_ENABLE_MODULES = YES;
				CLANG_ENABLE_OBJC_ARC = YES;
				CLANG_WARN_BOOL_CONVERSION = YES;
				CLANG_WARN_CONSTANT_CONVERSION = YES;
				CLANG_WARN_DIRECT_OBJC_ISA_USAGE = YES_ERROR;
				CLANG_WARN_DOCUMENTATION_COMMENTS = YES;
				CLANG_WARN_EMPTY_BODY = YES;
				CLANG_WARN_ENUM_CONVERSION = YES;
				CLANG_WARN_INFINITE_RECURSION = YES;
				CLANG_WARN_INT_CONVERSION = YES;
				CLANG_WARN_OBJC_ROOT_CLASS = YES_ERROR;
				CLANG_WARN_SUSPICIOUS_MOVE = YES;
				CLANG_WARN_UNREACHABLE_CODE = YES;
				CLANG_WARN__DUPLICATE_METHOD_MATCH = YES;
				"CODE_SIGN_IDENTITY[sdk=iphoneos*]" = "iPhone Developer";
				COPY_PHASE_STRIP = NO;
				DEBUG_INFORMATION_FORMAT = dwarf;
				ENABLE_STRICT_OBJC_MSGSEND = YES;
				ENABLE_TESTABILITY = YES;
				GCC_C_LANGUAGE_STANDARD = gnu99;
				GCC_DYNAMIC_NO_PIC = NO;
				GCC_NO_COMMON_BLOCKS = YES;
				GCC_OPTIMIZATION_LEVEL = 0;
				GCC_PREPROCESSOR_DEFINITIONS = (
					"DEBUG=1",
					"$(inherited)",
				);
				GCC_WARN_64_TO_32_BIT_CONVERSION = YES;
				GCC_WARN_ABOUT_RETURN_TYPE = YES_ERROR;
				GCC_WARN_UNDECLARED_SELECTOR = YES;
				GCC_WARN_UNINITIALIZED_AUTOS = YES_AGGRESSIVE;
				GCC_WARN_UNUSED_FUNCTION = YES;
				GCC_WARN_UNUSED_VARIABLE = YES;
				IPHONEOS_DEPLOYMENT_TARGET = 10.3;
				MTL_ENABLE_DEBUG_INFO = YES;
				ONLY_ACTIVE_ARCH = YES;
				SDKROOT = iphoneos;
			};
			name = Debug;
		};
		842774AE1F23A50C0075CA03 /* Release */ = {
			isa = XCBuildConfiguration;
			buildSettings = {
				ALWAYS_SEARCH_USER_PATHS = NO;
				CLANG_ANALYZER_NONNULL = YES;
				CLANG_ANALYZER_NUMBER_OBJECT_CONVERSION = YES_AGGRESSIVE;
				CLANG_CXX_LANGUAGE_STANDARD = "gnu++0x";
				CLANG_CXX_LIBRARY = "libc++";
				CLANG_ENABLE_MODULES = YES;
				CLANG_ENABLE_OBJC_ARC = YES;
				CLANG_WARN_BOOL_CONVERSION = YES;
				CLANG_WARN_CONSTANT_CONVERSION = YES;
				CLANG_WARN_DIRECT_OBJC_ISA_USAGE = YES_ERROR;
				CLANG_WARN_DOCUMENTATION_COMMENTS = YES;
				CLANG_WARN_EMPTY_BODY = YES;
				CLANG_WARN_ENUM_CONVERSION = YES;
				CLANG_WARN_INFINITE_RECURSION = YES;
				CLANG_WARN_INT_CONVERSION = YES;
				CLANG_WARN_OBJC_ROOT_CLASS = YES_ERROR;
				CLANG_WARN_SUSPICIOUS_MOVE = YES;
				CLANG_WARN_UNREACHABLE_CODE = YES;
				CLANG_WARN__DUPLICATE_METHOD_MATCH = YES;
				"CODE_SIGN_IDENTITY[sdk=iphoneos*]" = "iPhone Developer";
				COPY_PHASE_STRIP = NO;
				DEBUG_INFORMATION_FORMAT = "dwarf-with-dsym";
				ENABLE_NS_ASSERTIONS = NO;
				ENABLE_STRICT_OBJC_MSGSEND = YES;
				GCC_C_LANGUAGE_STANDARD = gnu99;
				GCC_NO_COMMON_BLOCKS = YES;
				GCC_WARN_64_TO_32_BIT_CONVERSION = YES;
				GCC_WARN_ABOUT_RETURN_TYPE = YES_ERROR;
				GCC_WARN_UNDECLARED_SELECTOR = YES;
				GCC_WARN_UNINITIALIZED_AUTOS = YES_AGGRESSIVE;
				GCC_WARN_UNUSED_FUNCTION = YES;
				GCC_WARN_UNUSED_VARIABLE = YES;
				IPHONEOS_DEPLOYMENT_TARGET = 10.3;
				MTL_ENABLE_DEBUG_INFO = NO;
				SDKROOT = iphoneos;
				VALIDATE_PRODUCT = YES;
			};
			name = Release;
		};
		842774B01F23A50C0075CA03 /* Debug */ = {
			isa = XCBuildConfiguration;
			buildSettings = {
				ASSETCATALOG_COMPILER_APPICON_NAME = AppIcon;
				DEVELOPMENT_TEAM = 3F5A8K3326;
				INFOPLIST_FILE = iMoney/Info.plist;
				LD_RUNPATH_SEARCH_PATHS = "$(inherited) @executable_path/Frameworks";
				PRODUCT_BUNDLE_IDENTIFIER = Saveliy.iMoney;
				PRODUCT_NAME = "$(TARGET_NAME)";
			};
			name = Debug;
		};
		842774B11F23A50C0075CA03 /* Release */ = {
			isa = XCBuildConfiguration;
			buildSettings = {
				ASSETCATALOG_COMPILER_APPICON_NAME = AppIcon;
				DEVELOPMENT_TEAM = 3F5A8K3326;
				INFOPLIST_FILE = iMoney/Info.plist;
				LD_RUNPATH_SEARCH_PATHS = "$(inherited) @executable_path/Frameworks";
				PRODUCT_BUNDLE_IDENTIFIER = Saveliy.iMoney;
				PRODUCT_NAME = "$(TARGET_NAME)";
			};
			name = Release;
		};
/* End XCBuildConfiguration section */

/* Begin XCConfigurationList section */
		842774931F23A50C0075CA03 /* Build configuration list for PBXProject "iMoney" */ = {
			isa = XCConfigurationList;
			buildConfigurations = (
				842774AD1F23A50C0075CA03 /* Debug */,
				842774AE1F23A50C0075CA03 /* Release */,
			);
			defaultConfigurationIsVisible = 0;
			defaultConfigurationName = Release;
		};
		842774AF1F23A50C0075CA03 /* Build configuration list for PBXNativeTarget "iMoney" */ = {
			isa = XCConfigurationList;
			buildConfigurations = (
				842774B01F23A50C0075CA03 /* Debug */,
				842774B11F23A50C0075CA03 /* Release */,
			);
			defaultConfigurationIsVisible = 0;
			defaultConfigurationName = Release;
		};
/* End XCConfigurationList section */
	};
	rootObject = 842774901F23A50C0075CA03 /* Project object */;
}
